
Microsoft Visual Studio Solution File, Format Version 12.00
# Visual Studio Version 16
VisualStudioVersion = 16.0.29709.97
MinimumVisualStudioVersion = 10.0.40219.1
Project("{FAE04EC0-301F-11D3-BF4B-00C04F79EFBC}") = "DmTools", "DmTools.csproj", "{47357B05-9170-455B-B3F1-E69138D55FC8}"
EndProject
Global
	GlobalSection(SolutionConfigurationPlatforms) = preSolution
		Debug|Any CPU = Debug|Any CPU
		Release|Any CPU = Release|Any CPU
	EndGlobalSection
	GlobalSection(ProjectConfigurationPlatforms) = postSolution
		{47357B05-9170-455B-B3F1-E69138D55FC8}.Debug|Any CPU.ActiveCfg = Debug|Any CPU
		{47357B05-9170-455B-B3F1-E69138D55FC8}.Debug|Any CPU.Build.0 = Debug|Any CPU
		{47357B05-9170-455B-B3F1-E69138D55FC8}.Release|Any CPU.ActiveCfg = Release|Any CPU
		{47357B05-9170-455B-B3F1-E69138D55FC8}.Release|Any CPU.Build.0 = Release|Any CPU
	EndGlobalSection
	GlobalSection(SolutionProperties) = preSolution
		HideSolutionNode = FALSE
	EndGlobalSection
	GlobalSection(ExtensibilityGlobals) = postSolution
		SolutionGuid = {65B867B6-509B-4E69-89E4-AB8FCC13F36E}
	EndGlobalSection
EndGlobal
